
Microsoft Visual Studio Solution File, Format Version 12.00
# Visual Studio Version 17
VisualStudioVersion = 17.3.32901.215
MinimumVisualStudioVersion = 10.0.40219.1
Project("{9A19103F-16F7-4668-BE54-9A1E7A4F7556}") = "ApiRestRedis", "ApiRestRedis\ApiRestRedis.csproj", "{AAD1092A-4C2B-4E6D-B17B-B58CA5CA3C60}"
EndProject
Project("{2150E333-8FDC-42A3-9474-1A3956D46DE8}") = "Domain", "Domain", "{4329D1BD-9265-4858-94A0-FDAAA625A134}"
EndProject
Project("{9A19103F-16F7-4668-BE54-9A1E7A4F7556}") = "Domain", "Domain\Domain.csproj", "{0F686FC7-1D45-4470-B8EA-6584803367AE}"
EndProject
Project("{2150E333-8FDC-42A3-9474-1A3956D46DE8}") = "Infra", "Infra", "{0C417A59-AFBF-4384-A557-8BA886FEAD5C}"
EndProject
Project("{2150E333-8FDC-42A3-9474-1A3956D46DE8}") = "Services", "Services", "{BCF6DE7A-4849-4E46-81FB-E9F357F14915}"
EndProject
Project("{9A19103F-16F7-4668-BE54-9A1E7A4F7556}") = "Infra.Data", "Infra.Repository\Infra.Data.csproj", "{0E23694C-677B-4486-9ED1-3BE5C628A045}"
EndProject
Project("{9A19103F-16F7-4668-BE54-9A1E7A4F7556}") = "Infra.Data.Interfaces", "Infra.Data.Interfaces\Infra.Data.Interfaces.csproj", "{DB618B7E-B58E-4A76-9B27-9F9A1C056C50}"
EndProject
Project("{FAE04EC0-301F-11D3-BF4B-00C04F79EFBC}") = "Services", "Services\Services.csproj", "{5207441E-BE37-423C-A764-836B13536B66}"
EndProject
Project("{FAE04EC0-301F-11D3-BF4B-00C04F79EFBC}") = "Services.Interfaces", "Services.Interfaces\Services.Interfaces.csproj", "{C4996701-DC79-41ED-A120-BF2C21183C30}"
EndProject
Project("{FAE04EC0-301F-11D3-BF4B-00C04F79EFBC}") = "Domain.DTO", "Domain.DTO\Domain.DTO.csproj", "{B8F3729C-9F5F-4D6F-B143-5CAD9FAACDD3}"
EndProject
Global
	GlobalSection(SolutionConfigurationPlatforms) = preSolution
		Debug|Any CPU = Debug|Any CPU
		Release|Any CPU = Release|Any CPU
	EndGlobalSection
	GlobalSection(ProjectConfigurationPlatforms) = postSolution
		{AAD1092A-4C2B-4E6D-B17B-B58CA5CA3C60}.Debug|Any CPU.ActiveCfg = Debug|Any CPU
		{AAD1092A-4C2B-4E6D-B17B-B58CA5CA3C60}.Debug|Any CPU.Build.0 = Debug|Any CPU
		{AAD1092A-4C2B-4E6D-B17B-B58CA5CA3C60}.Release|Any CPU.ActiveCfg = Release|Any CPU
		{AAD1092A-4C2B-4E6D-B17B-B58CA5CA3C60}.Release|Any CPU.Build.0 = Release|Any CPU
		{0F686FC7-1D45-4470-B8EA-6584803367AE}.Debug|Any CPU.ActiveCfg = Debug|Any CPU
		{0F686FC7-1D45-4470-B8EA-6584803367AE}.Debug|Any CPU.Build.0 = Debug|Any CPU
		{0F686FC7-1D45-4470-B8EA-6584803367AE}.Release|Any CPU.ActiveCfg = Release|Any CPU
		{0F686FC7-1D45-4470-B8EA-6584803367AE}.Release|Any CPU.Build.0 = Release|Any CPU
		{0E23694C-677B-4486-9ED1-3BE5C628A045}.Debug|Any CPU.ActiveCfg = Debug|Any CPU
		{0E23694C-677B-4486-9ED1-3BE5C628A045}.Debug|Any CPU.Build.0 = Debug|Any CPU
		{0E23694C-677B-4486-9ED1-3BE5C628A045}.Release|Any CPU.ActiveCfg = Release|Any CPU
		{0E23694C-677B-4486-9ED1-3BE5C628A045}.Release|Any CPU.Build.0 = Release|Any CPU
		{DB618B7E-B58E-4A76-9B27-9F9A1C056C50}.Debug|Any CPU.ActiveCfg = Debug|Any CPU
		{DB618B7E-B58E-4A76-9B27-9F9A1C056C50}.Debug|Any CPU.Build.0 = Debug|Any CPU
		{DB618B7E-B58E-4A76-9B27-9F9A1C056C50}.Release|Any CPU.ActiveCfg = Release|Any CPU
		{DB618B7E-B58E-4A76-9B27-9F9A1C056C50}.Release|Any CPU.Build.0 = Release|Any CPU
		{5207441E-BE37-423C-A764-836B13536B66}.Debug|Any CPU.ActiveCfg = Debug|Any CPU
		{5207441E-BE37-423C-A764-836B13536B66}.Debug|Any CPU.Build.0 = Debug|Any CPU
		{5207441E-BE37-423C-A764-836B13536B66}.Release|Any CPU.ActiveCfg = Release|Any CPU
		{5207441E-BE37-423C-A764-836B13536B66}.Release|Any CPU.Build.0 = Release|Any CPU
		{C4996701-DC79-41ED-A120-BF2C21183C30}.Debug|Any CPU.ActiveCfg = Debug|Any CPU
		{C4996701-DC79-41ED-A120-BF2C21183C30}.Debug|Any CPU.Build.0 = Debug|Any CPU
		{C4996701-DC79-41ED-A120-BF2C21183C30}.Release|Any CPU.ActiveCfg = Release|Any CPU
		{C4996701-DC79-41ED-A120-BF2C21183C30}.Release|Any CPU.Build.0 = Release|Any CPU
		{B8F3729C-9F5F-4D6F-B143-5CAD9FAACDD3}.Debug|Any CPU.ActiveCfg = Debug|Any CPU
		{B8F3729C-9F5F-4D6F-B143-5CAD9FAACDD3}.Debug|Any CPU.Build.0 = Debug|Any CPU
		{B8F3729C-9F5F-4D6F-B143-5CAD9FAACDD3}.Release|Any CPU.ActiveCfg = Release|Any CPU
		{B8F3729C-9F5F-4D6F-B143-5CAD9FAACDD3}.Release|Any CPU.Build.0 = Release|Any CPU
	EndGlobalSection
	GlobalSection(SolutionProperties) = preSolution
		HideSolutionNode = FALSE
	EndGlobalSection
	GlobalSection(NestedProjects) = preSolution
		{0F686FC7-1D45-4470-B8EA-6584803367AE} = {4329D1BD-9265-4858-94A0-FDAAA625A134}
		{0E23694C-677B-4486-9ED1-3BE5C628A045} = {0C417A59-AFBF-4384-A557-8BA886FEAD5C}
		{DB618B7E-B58E-4A76-9B27-9F9A1C056C50} = {0C417A59-AFBF-4384-A557-8BA886FEAD5C}
		{5207441E-BE37-423C-A764-836B13536B66} = {BCF6DE7A-4849-4E46-81FB-E9F357F14915}
		{C4996701-DC79-41ED-A120-BF2C21183C30} = {BCF6DE7A-4849-4E46-81FB-E9F357F14915}
		{B8F3729C-9F5F-4D6F-B143-5CAD9FAACDD3} = {4329D1BD-9265-4858-94A0-FDAAA625A134}
	EndGlobalSection
	GlobalSection(ExtensibilityGlobals) = postSolution
		SolutionGuid = {6E980233-9F17-48DA-9206-6315FF5A9353}
	EndGlobalSection
EndGlobal
